// !$*UTF8*$!
{
	archiveVersion = 1;
	classes = {
	};
	objectVersion = 56;
	objects = {

/* Begin PBXBuildFile section */
		DC7115772C0FE6E70092F63E /* Utility.swift in Sources */ = {isa = PBXBuildFile; fileRef = DC7115762C0FE6E70092F63E /* Utility.swift */; };
		DC7115792C0FEA290092F63E /* RecordView.swift in Sources */ = {isa = PBXBuildFile; fileRef = DC7115782C0FEA290092F63E /* RecordView.swift */; };
		DC71157B2C1004540092F63E /* MatrixView.swift in Sources */ = {isa = PBXBuildFile; fileRef = DC71157A2C1004540092F63E /* MatrixView.swift */; };
		DC88E2512C1931C40010A956 /* ResultView.swift in Sources */ = {isa = PBXBuildFile; fileRef = DC88E2502C1931C40010A956 /* ResultView.swift */; };
		DC88E2552C1951360010A956 /* RecordModel.swift in Sources */ = {isa = PBXBuildFile; fileRef = DC88E2542C1951360010A956 /* RecordModel.swift */; };
		DC88E2572C1A8F590010A956 /* HistoryView.swift in Sources */ = {isa = PBXBuildFile; fileRef = DC88E2562C1A8F590010A956 /* HistoryView.swift */; };
		DC9D69022C0D499D00D0B541 /* OSCourseProjectApp.swift in Sources */ = {isa = PBXBuildFile; fileRef = DC9D69012C0D499D00D0B541 /* OSCourseProjectApp.swift */; };
		DC9D69042C0D499D00D0B541 /* ContentView.swift in Sources */ = {isa = PBXBuildFile; fileRef = DC9D69032C0D499D00D0B541 /* ContentView.swift */; };
		DC9D69062C0D499E00D0B541 /* Assets.xcassets in Resources */ = {isa = PBXBuildFile; fileRef = DC9D69052C0D499E00D0B541 /* Assets.xcassets */; };
		DC9D69092C0D499E00D0B541 /* Preview Assets.xcassets in Resources */ = {isa = PBXBuildFile; fileRef = DC9D69082C0D499E00D0B541 /* Preview Assets.xcassets */; };
		DC9D69112C0D49C800D0B541 /* SettingModel.swift in Sources */ = {isa = PBXBuildFile; fileRef = DC9D69102C0D49C800D0B541 /* SettingModel.swift */; };
		DC9D69132C0D4D0400D0B541 /* FIFOExecutor.swift in Sources */ = {isa = PBXBuildFile; fileRef = DC9D69122C0D4D0400D0B541 /* FIFOExecutor.swift */; };
		DC9D69152C0D527400D0B541 /* LRUExecutor.swift in Sources */ = {isa = PBXBuildFile; fileRef = DC9D69142C0D527400D0B541 /* LRUExecutor.swift */; };
		DC9D691B2C0D574600D0B541 /* LFUExecutor.swift in Sources */ = {isa = PBXBuildFile; fileRef = DC9D691A2C0D574600D0B541 /* LFUExecutor.swift */; };
		DC9D691D2C0D5A1D00D0B541 /* OPTExecutor.swift in Sources */ = {isa = PBXBuildFile; fileRef = DC9D691C2C0D5A1D00D0B541 /* OPTExecutor.swift */; };
		DC9D69222C0D5BCC00D0B541 /* ContentViewModel.swift in Sources */ = {isa = PBXBuildFile; fileRef = DC9D69212C0D5BCC00D0B541 /* ContentViewModel.swift */; };
		DC9D69242C0D709300D0B541 /* SettingView.swift in Sources */ = {isa = PBXBuildFile; fileRef = DC9D69232C0D709300D0B541 /* SettingView.swift */; };
/* End PBXBuildFile section */

/* Begin PBXFileReference section */
		DC7115762C0FE6E70092F63E /* Utility.swift */ = {isa = PBXFileReference; lastKnownFileType = sourcecode.swift; path = Utility.swift; sourceTree = "<group>"; };
		DC7115782C0FEA290092F63E /* RecordView.swift */ = {isa = PBXFileReference; lastKnownFileType = sourcecode.swift; path = RecordView.swift; sourceTree = "<group>"; };
		DC71157A2C1004540092F63E /* MatrixView.swift */ = {isa = PBXFileReference; lastKnownFileType = sourcecode.swift; path = MatrixView.swift; sourceTree = "<group>"; };
		DC88E2502C1931C40010A956 /* ResultView.swift */ = {isa = PBXFileReference; lastKnownFileType = sourcecode.swift; path = ResultView.swift; sourceTree = "<group>"; };
		DC88E2542C1951360010A956 /* RecordModel.swift */ = {isa = PBXFileReference; lastKnownFileType = sourcecode.swift; path = RecordModel.swift; sourceTree = "<group>"; };
		DC88E2562C1A8F590010A956 /* HistoryView.swift */ = {isa = PBXFileReference; lastKnownFileType = sourcecode.swift; path = HistoryView.swift; sourceTree = "<group>"; };
		DC9D68FE2C0D499D00D0B541 /* OSCourseProject.app */ = {isa = PBXFileReference; explicitFileType = wrapper.application; includeInIndex = 0; path = OSCourseProject.app; sourceTree = BUILT_PRODUCTS_DIR; };
		DC9D69012C0D499D00D0B541 /* OSCourseProjectApp.swift */ = {isa = PBXFileReference; lastKnownFileType = sourcecode.swift; path = OSCourseProjectApp.swift; sourceTree = "<group>"; };
		DC9D69032C0D499D00D0B541 /* ContentView.swift */ = {isa = PBXFileReference; lastKnownFileType = sourcecode.swift; path = ContentView.swift; sourceTree = "<group>"; };
		DC9D69052C0D499E00D0B541 /* Assets.xcassets */ = {isa = PBXFileReference; lastKnownFileType = folder.assetcatalog; path = Assets.xcassets; sourceTree = "<group>"; };
		DC9D69082C0D499E00D0B541 /* Preview Assets.xcassets */ = {isa = PBXFileReference; lastKnownFileType = folder.assetcatalog; path = "Preview Assets.xcassets"; sourceTree = "<group>"; };
		DC9D690A2C0D499F00D0B541 /* OSCourseProject.entitlements */ = {isa = PBXFileReference; lastKnownFileType = text.plist.entitlements; path = OSCourseProject.entitlements; sourceTree = "<group>"; };
		DC9D69102C0D49C800D0B541 /* SettingModel.swift */ = {isa = PBXFileReference; lastKnownFileType = sourcecode.swift; path = SettingModel.swift; sourceTree = "<group>"; };
		DC9D69122C0D4D0400D0B541 /* FIFOExecutor.swift */ = {isa = PBXFileReference; lastKnownFileType = sourcecode.swift; path = FIFOExecutor.swift; sourceTree = "<group>"; };
		DC9D69142C0D527400D0B541 /* LRUExecutor.swift */ = {isa = PBXFileReference; lastKnownFileType = sourcecode.swift; path = LRUExecutor.swift; sourceTree = "<group>"; };
		DC9D691A2C0D574600D0B541 /* LFUExecutor.swift */ = {isa = PBXFileReference; lastKnownFileType = sourcecode.swift; path = LFUExecutor.swift; sourceTree = "<group>"; };
		DC9D691C2C0D5A1D00D0B541 /* OPTExecutor.swift */ = {isa = PBXFileReference; lastKnownFileType = sourcecode.swift; path = OPTExecutor.swift; sourceTree = "<group>"; };
		DC9D69212C0D5BCC00D0B541 /* ContentViewModel.swift */ = {isa = PBXFileReference; lastKnownFileType = sourcecode.swift; path = ContentViewModel.swift; sourceTree = "<group>"; };
		DC9D69232C0D709300D0B541 /* SettingView.swift */ = {isa = PBXFileReference; lastKnownFileType = sourcecode.swift; path = SettingView.swift; sourceTree = "<group>"; };
/* End PBXFileReference section */

/* Begin PBXFrameworksBuildPhase section */
		DC9D68FB2C0D499D00D0B541 /* Frameworks */ = {
			isa = PBXFrameworksBuildPhase;
			buildActionMask = 2147483647;
			files = (
			);
			runOnlyForDeploymentPostprocessing = 0;
		};
/* End PBXFrameworksBuildPhase section */

/* Begin PBXGroup section */
		DC9D68F52C0D499D00D0B541 = {
			isa = PBXGroup;
			children = (
				DC9D69002C0D499D00D0B541 /* OSCourseProject */,
				DC9D68FF2C0D499D00D0B541 /* Products */,
			);
			sourceTree = "<group>";
		};
		DC9D68FF2C0D499D00D0B541 /* Products */ = {
			isa = PBXGroup;
			children = (
				DC9D68FE2C0D499D00D0B541 /* OSCourseProject.app */,
			);
			name = Products;
			sourceTree = "<group>";
		};
		DC9D69002C0D499D00D0B541 /* OSCourseProject */ = {
			isa = PBXGroup;
			children = (
				DC9D69012C0D499D00D0B541 /* OSCourseProjectApp.swift */,
				DC9D69032C0D499D00D0B541 /* ContentView.swift */,
				DC71157A2C1004540092F63E /* MatrixView.swift */,
				DC9D69232C0D709300D0B541 /* SettingView.swift */,
				DC7115782C0FEA290092F63E /* RecordView.swift */,
				DC88E2502C1931C40010A956 /* ResultView.swift */,
				DC9D69212C0D5BCC00D0B541 /* ContentViewModel.swift */,
				DC88E2562C1A8F590010A956 /* HistoryView.swift */,
				DC7115762C0FE6E70092F63E /* Utility.swift */,
				DC9D691E2C0D5A3100D0B541 /* Model */,
				DC9D69052C0D499E00D0B541 /* Assets.xcassets */,
				DC9D690A2C0D499F00D0B541 /* OSCourseProject.entitlements */,
				DC9D69072C0D499E00D0B541 /* Preview Content */,
			);
			path = OSCourseProject;
			sourceTree = "<group>";
		};
		DC9D69072C0D499E00D0B541 /* Preview Content */ = {
			isa = PBXGroup;
			children = (
				DC9D69082C0D499E00D0B541 /* Preview Assets.xcassets */,
			);
			path = "Preview Content";
			sourceTree = "<group>";
		};
		DC9D691E2C0D5A3100D0B541 /* Model */ = {
			isa = PBXGroup;
			children = (
				DC9D69102C0D49C800D0B541 /* SettingModel.swift */,
				DC88E2542C1951360010A956 /* RecordModel.swift */,
				DC9D69122C0D4D0400D0B541 /* FIFOExecutor.swift */,
				DC9D69142C0D527400D0B541 /* LRUExecutor.swift */,
				DC9D691A2C0D574600D0B541 /* LFUExecutor.swift */,
				DC9D691C2C0D5A1D00D0B541 /* OPTExecutor.swift */,
			);
			path = Model;
			sourceTree = "<group>";
		};
/* End PBXGroup section */

/* Begin PBXNativeTarget section */
		DC9D68FD2C0D499D00D0B541 /* OSCourseProject */ = {
			isa = PBXNativeTarget;
			buildConfigurationList = DC9D690D2C0D499F00D0B541 /* Build configuration list for PBXNativeTarget "OSCourseProject" */;
			buildPhases = (
				DC9D68FA2C0D499D00D0B541 /* Sources */,
				DC9D68FB2C0D499D00D0B541 /* Frameworks */,
				DC9D68FC2C0D499D00D0B541 /* Resources */,
			);
			buildRules = (
			);
			dependencies = (
			);
			name = OSCourseProject;
			productName = OSCourseProject;
			productReference = DC9D68FE2C0D499D00D0B541 /* OSCourseProject.app */;
			productType = "com.apple.product-type.application";
		};
/* End PBXNativeTarget section */

/* Begin PBXProject section */
		DC9D68F62C0D499D00D0B541 /* Project object */ = {
			isa = PBXProject;
			attributes = {
				BuildIndependentTargetsInParallel = 1;
				LastSwiftUpdateCheck = 1540;
				LastUpgradeCheck = 1540;
				TargetAttributes = {
					DC9D68FD2C0D499D00D0B541 = {
						CreatedOnToolsVersion = 15.4;
					};
				};
			};
			buildConfigurationList = DC9D68F92C0D499D00D0B541 /* Build configuration list for PBXProject "OSCourseProject" */;
			compatibilityVersion = "Xcode 14.0";
			developmentRegion = en;
			hasScannedForEncodings = 0;
			knownRegions = (
				en,
				Base,
			);
			mainGroup = DC9D68F52C0D499D00D0B541;
			productRefGroup = DC9D68FF2C0D499D00D0B541 /* Products */;
			projectDirPath = "";
			projectRoot = "";
			targets = (
				DC9D68FD2C0D499D00D0B541 /* OSCourseProject */,
			);
		};
/* End PBXProject section */

/* Begin PBXResourcesBuildPhase section */
		DC9D68FC2C0D499D00D0B541 /* Resources */ = {
			isa = PBXResourcesBuildPhase;
			buildActionMask = 2147483647;
			files = (
				DC9D69092C0D499E00D0B541 /* Preview Assets.xcassets in Resources */,
				DC9D69062C0D499E00D0B541 /* Assets.xcassets in Resources */,
			);
			runOnlyForDeploymentPostprocessing = 0;
		};
/* End PBXResourcesBuildPhase section */

/* Begin PBXSourcesBuildPhase section */
		DC9D68FA2C0D499D00D0B541 /* Sources */ = {
			isa = PBXSourcesBuildPhase;
			buildActionMask = 2147483647;
			files = (
				DC7115772C0FE6E70092F63E /* Utility.swift in Sources */,
				DC9D69222C0D5BCC00D0B541 /* ContentViewModel.swift in Sources */,
				DC7115792C0FEA290092F63E /* RecordView.swift in Sources */,
				DC9D69132C0D4D0400D0B541 /* FIFOExecutor.swift in Sources */,
				DC9D69042C0D499D00D0B541 /* ContentView.swift in Sources */,
				DC9D69242C0D709300D0B541 /* SettingView.swift in Sources */,
				DC9D69022C0D499D00D0B541 /* OSCourseProjectApp.swift in Sources */,
				DC88E2572C1A8F590010A956 /* HistoryView.swift in Sources */,
				DC88E2552C1951360010A956 /* RecordModel.swift in Sources */,
				DC88E2512C1931C40010A956 /* ResultView.swift in Sources */,
				DC9D69112C0D49C800D0B541 /* SettingModel.swift in Sources */,
				DC9D691B2C0D574600D0B541 /* LFUExecutor.swift in Sources */,
				DC9D691D2C0D5A1D00D0B541 /* OPTExecutor.swift in Sources */,
				DC9D69152C0D527400D0B541 /* LRUExecutor.swift in Sources */,
				DC71157B2C1004540092F63E /* MatrixView.swift in Sources */,
			);
			runOnlyForDeploymentPostprocessing = 0;
		};
/* End PBXSourcesBuildPhase section */

/* Begin XCBuildConfiguration section */
		DC9D690B2C0D499F00D0B541 /* Debug */ = {
			isa = XCBuildConfiguration;
			buildSettings = {
				ALWAYS_SEARCH_USER_PATHS = NO;
				ASSETCATALOG_COMPILER_GENERATE_SWIFT_ASSET_SYMBOL_EXTENSIONS = YES;
				CLANG_ANALYZER_NONNULL = YES;
				CLANG_ANALYZER_NUMBER_OBJECT_CONVERSION = YES_AGGRESSIVE;
				CLANG_CXX_LANGUAGE_STANDARD = "gnu++20";
				CLANG_ENABLE_MODULES = YES;
				CLANG_ENABLE_OBJC_ARC = YES;
				CLANG_ENABLE_OBJC_WEAK = YES;
				CLANG_WARN_BLOCK_CAPTURE_AUTORELEASING = YES;
				CLANG_WARN_BOOL_CONVERSION = YES;
				CLANG_WARN_COMMA = YES;
				CLANG_WARN_CONSTANT_CONVERSION = YES;
				CLANG_WARN_DEPRECATED_OBJC_IMPLEMENTATIONS = YES;
				CLANG_WARN_DIRECT_OBJC_ISA_USAGE = YES_ERROR;
				CLANG_WARN_DOCUMENTATION_COMMENTS = YES;
				CLANG_WARN_EMPTY_BODY = YES;
				CLANG_WARN_ENUM_CONVERSION = YES;
				CLANG_WARN_INFINITE_RECURSION = YES;
				CLANG_WARN_INT_CONVERSION = YES;
				CLANG_WARN_NON_LITERAL_NULL_CONVERSION = YES;
				CLANG_WARN_OBJC_IMPLICIT_RETAIN_SELF = YES;
				CLANG_WARN_OBJC_LITERAL_CONVERSION = YES;
				CLANG_WARN_OBJC_ROOT_CLASS = YES_ERROR;
				CLANG_WARN_QUOTED_INCLUDE_IN_FRAMEWORK_HEADER = YES;
				CLANG_WARN_RANGE_LOOP_ANALYSIS = YES;
				CLANG_WARN_STRICT_PROTOTYPES = YES;
				CLANG_WARN_SUSPICIOUS_MOVE = YES;
				CLANG_WARN_UNGUARDED_AVAILABILITY = YES_AGGRESSIVE;
				CLANG_WARN_UNREACHABLE_CODE = YES;
				CLANG_WARN__DUPLICATE_METHOD_MATCH = YES;
				COPY_PHASE_STRIP = NO;
				DEBUG_INFORMATION_FORMAT = dwarf;
				ENABLE_STRICT_OBJC_MSGSEND = YES;
				ENABLE_TESTABILITY = YES;
				ENABLE_USER_SCRIPT_SANDBOXING = YES;
				GCC_C_LANGUAGE_STANDARD = gnu17;
				GCC_DYNAMIC_NO_PIC = NO;
				GCC_NO_COMMON_BLOCKS = YES;
				GCC_OPTIMIZATION_LEVEL = 0;
				GCC_PREPROCESSOR_DEFINITIONS = (
					"DEBUG=1",
					"$(inherited)",
				);
				GCC_WARN_64_TO_32_BIT_CONVERSION = YES;
				GCC_WARN_ABOUT_RETURN_TYPE = YES_ERROR;
				GCC_WARN_UNDECLARED_SELECTOR = YES;
				GCC_WARN_UNINITIALIZED_AUTOS = YES_AGGRESSIVE;
				GCC_WARN_UNUSED_FUNCTION = YES;
				GCC_WARN_UNUSED_VARIABLE = YES;
				LOCALIZATION_PREFERS_STRING_CATALOGS = YES;
				MACOSX_DEPLOYMENT_TARGET = 14.0;
				MTL_ENABLE_DEBUG_INFO = INCLUDE_SOURCE;
				MTL_FAST_MATH = YES;
				ONLY_ACTIVE_ARCH = YES;
				SDKROOT = macosx;
				SWIFT_ACTIVE_COMPILATION_CONDITIONS = "DEBUG $(inherited)";
				SWIFT_OPTIMIZATION_LEVEL = "-Onone";
			};
			name = Debug;
		};
		DC9D690C2C0D499F00D0B541 /* Release */ = {
			isa = XCBuildConfiguration;
			buildSettings = {
				ALWAYS_SEARCH_USER_PATHS = NO;
				ASSETCATALOG_COMPILER_GENERATE_SWIFT_ASSET_SYMBOL_EXTENSIONS = YES;
				CLANG_ANALYZER_NONNULL = YES;
				CLANG_ANALYZER_NUMBER_OBJECT_CONVERSION = YES_AGGRESSIVE;
				CLANG_CXX_LANGUAGE_STANDARD = "gnu++20";
				CLANG_ENABLE_MODULES = YES;
				CLANG_ENABLE_OBJC_ARC = YES;
				CLANG_ENABLE_OBJC_WEAK = YES;
				CLANG_WARN_BLOCK_CAPTURE_AUTORELEASING = YES;
				CLANG_WARN_BOOL_CONVERSION = YES;
				CLANG_WARN_COMMA = YES;
				CLANG_WARN_CONSTANT_CONVERSION = YES;
				CLANG_WARN_DEPRECATED_OBJC_IMPLEMENTATIONS = YES;
				CLANG_WARN_DIRECT_OBJC_ISA_USAGE = YES_ERROR;
				CLANG_WARN_DOCUMENTATION_COMMENTS = YES;
				CLANG_WARN_EMPTY_BODY = YES;
				CLANG_WARN_ENUM_CONVERSION = YES;
				CLANG_WARN_INFINITE_RECURSION = YES;
				CLANG_WARN_INT_CONVERSION = YES;
				CLANG_WARN_NON_LITERAL_NULL_CONVERSION = YES;
				CLANG_WARN_OBJC_IMPLICIT_RETAIN_SELF = YES;
				CLANG_WARN_OBJC_LITERAL_CONVERSION = YES;
				CLANG_WARN_OBJC_ROOT_CLASS = YES_ERROR;
				CLANG_WARN_QUOTED_INCLUDE_IN_FRAMEWORK_HEADER = YES;
				CLANG_WARN_RANGE_LOOP_ANALYSIS = YES;
				CLANG_WARN_STRICT_PROTOTYPES = YES;
				CLANG_WARN_SUSPICIOUS_MOVE = YES;
				CLANG_WARN_UNGUARDED_AVAILABILITY = YES_AGGRESSIVE;
				CLANG_WARN_UNREACHABLE_CODE = YES;
				CLANG_WARN__DUPLICATE_METHOD_MATCH = YES;
				COPY_PHASE_STRIP = NO;
				DEBUG_INFORMATION_FORMAT = "dwarf-with-dsym";
				ENABLE_NS_ASSERTIONS = NO;
				ENABLE_STRICT_OBJC_MSGSEND = YES;
				ENABLE_USER_SCRIPT_SANDBOXING = YES;
				GCC_C_LANGUAGE_STANDARD = gnu17;
				GCC_NO_COMMON_BLOCKS = YES;
				GCC_WARN_64_TO_32_BIT_CONVERSION = YES;
				GCC_WARN_ABOUT_RETURN_TYPE = YES_ERROR;
				GCC_WARN_UNDECLARED_SELECTOR = YES;
				GCC_WARN_UNINITIALIZED_AUTOS = YES_AGGRESSIVE;
				GCC_WARN_UNUSED_FUNCTION = YES;
				GCC_WARN_UNUSED_VARIABLE = YES;
				LOCALIZATION_PREFERS_STRING_CATALOGS = YES;
				MACOSX_DEPLOYMENT_TARGET = 14.0;
				MTL_ENABLE_DEBUG_INFO = NO;
				MTL_FAST_MATH = YES;
				SDKROOT = macosx;
				SWIFT_COMPILATION_MODE = wholemodule;
			};
			name = Release;
		};
		DC9D690E2C0D499F00D0B541 /* Debug */ = {
			isa = XCBuildConfiguration;
			buildSettings = {
				ASSETCATALOG_COMPILER_APPICON_NAME = AppIcon;
				ASSETCATALOG_COMPILER_GLOBAL_ACCENT_COLOR_NAME = AccentColor;
				CODE_SIGN_ENTITLEMENTS = OSCourseProject/OSCourseProject.entitlements;
				CODE_SIGN_STYLE = Automatic;
				COMBINE_HIDPI_IMAGES = YES;
				CURRENT_PROJECT_VERSION = 1;
				DEVELOPMENT_ASSET_PATHS = "\"OSCourseProject/Preview Content\"";
				DEVELOPMENT_TEAM = 5DY5C86MK8;
				ENABLE_HARDENED_RUNTIME = YES;
				ENABLE_PREVIEWS = YES;
				GENERATE_INFOPLIST_FILE = YES;
				INFOPLIST_KEY_CFBundleDisplayName = "操作系统课设";
				INFOPLIST_KEY_NSHumanReadableCopyright = "";
				LD_RUNPATH_SEARCH_PATHS = (
					"$(inherited)",
					"@executable_path/../Frameworks",
				);
				MARKETING_VERSION = 1.0;
				PRODUCT_BUNDLE_IDENTIFIER = Concerto.OSCourseProject;
				PRODUCT_NAME = "$(TARGET_NAME)";
				SWIFT_EMIT_LOC_STRINGS = YES;
				SWIFT_VERSION = 5.0;
			};
			name = Debug;
		};
		DC9D690F2C0D499F00D0B541 /* Release */ = {
			isa = XCBuildConfiguration;
			buildSettings = {
				ASSETCATALOG_COMPILER_APPICON_NAME = AppIcon;
				ASSETCATALOG_COMPILER_GLOBAL_ACCENT_COLOR_NAME = AccentColor;
				CODE_SIGN_ENTITLEMENTS = OSCourseProject/OSCourseProject.entitlements;
				CODE_SIGN_STYLE = Automatic;
				COMBINE_HIDPI_IMAGES = YES;
				CURRENT_PROJECT_VERSION = 1;
				DEVELOPMENT_ASSET_PATHS = "\"OSCourseProject/Preview Content\"";
				DEVELOPMENT_TEAM = 5DY5C86MK8;
				ENABLE_HARDENED_RUNTIME = YES;
				ENABLE_PREVIEWS = YES;
				GENERATE_INFOPLIST_FILE = YES;
				INFOPLIST_KEY_CFBundleDisplayName = "操作系统课设";
				INFOPLIST_KEY_NSHumanReadableCopyright = "";
				LD_RUNPATH_SEARCH_PATHS = (
					"$(inherited)",
					"@executable_path/../Frameworks",
				);
				MARKETING_VERSION = 1.0;
				PRODUCT_BUNDLE_IDENTIFIER = Concerto.OSCourseProject;
				PRODUCT_NAME = "$(TARGET_NAME)";
				SWIFT_EMIT_LOC_STRINGS = YES;
				SWIFT_VERSION = 5.0;
			};
			name = Release;
		};
/* End XCBuildConfiguration section */

/* Begin XCConfigurationList section */
		DC9D68F92C0D499D00D0B541 /* Build configuration list for PBXProject "OSCourseProject" */ = {
			isa = XCConfigurationList;
			buildConfigurations = (
				DC9D690B2C0D499F00D0B541 /* Debug */,
				DC9D690C2C0D499F00D0B541 /* Release */,
			);
			defaultConfigurationIsVisible = 0;
			defaultConfigurationName = Release;
		};
		DC9D690D2C0D499F00D0B541 /* Build configuration list for PBXNativeTarget "OSCourseProject" */ = {
			isa = XCConfigurationList;
			buildConfigurations = (
				DC9D690E2C0D499F00D0B541 /* Debug */,
				DC9D690F2C0D499F00D0B541 /* Release */,
			);
			defaultConfigurationIsVisible = 0;
			defaultConfigurationName = Release;
		};
/* End XCConfigurationList section */
	};
	rootObject = DC9D68F62C0D499D00D0B541 /* Project object */;
}
